PODS:
  - AppAuth (1.7.6):
    - AppAuth/Core (= 1.7.6)
    - AppAuth/ExternalUserAgent (= 1.7.6)
  - AppAuth/Core (1.7.6)
  - AppAuth/ExternalUserAgent (1.7.6):
    - AppAuth/Core
  - Capacitor (5.7.8):
    - CapacitorCordova
  - CapacitorCommunityAppleSignIn (5.0.0):
    - Capacitor
  - CapacitorCommunityNativeAudio (5.0.1):
    - Capacitor
  - CapacitorCordova (5.7.8)
  - CapacitorKeyboard (5.0.9):
    - Capacitor
  - CapacitorSplashScreen (5.0.8):
    - Capacitor
  - CapacitorStatusBar (5.0.8):
    - Capacitor
  - CodetrixStudioCapacitorGoogleAuth (0.0.1):
    - Capacitor
    - GoogleSignIn (~> 6.2.4)
  - GoogleSignIn (6.2.4):
    - AppAuth (~> 1.5)
    - GTMAppAuth (~> 1.3)
    - GTMSessionFetcher/Core (< 3.0, >= 1.1)
  - GTMAppAuth (1.3.1):
    - AppAuth/Core (~> 1.6)
    - GTMSessionFetcher/Core (< 3.0, >= 1.5)
  - GTMSessionFetcher/Core (2.3.0)

DEPENDENCIES:
  - "Capacitor (from `../../node_modules/@capacitor/ios`)"
  - "CapacitorCommunityAppleSignIn (from `../../node_modules/@capacitor-community/apple-sign-in`)"
  - "CapacitorCommunityNativeAudio (from `../../node_modules/@capacitor-community/native-audio`)"
  - "CapacitorCordova (from `../../node_modules/@capacitor/ios`)"
  - "CapacitorKeyboard (from `../../node_modules/@capacitor/keyboard`)"
  - "CapacitorSplashScreen (from `../../node_modules/@capacitor/splash-screen`)"
  - "CapacitorStatusBar (from `../../node_modules/@capacitor/status-bar`)"
  - "CodetrixStudioCapacitorGoogleAuth (from `../../node_modules/@codetrix-studio/capacitor-google-auth`)"

SPEC REPOS:
  trunk:
    - AppAuth
    - GoogleSignIn
    - GTMAppAuth
    - GTMSessionFetcher

EXTERNAL SOURCES:
  Capacitor:
    :path: "../../node_modules/@capacitor/ios"
  CapacitorCommunityAppleSignIn:
    :path: "../../node_modules/@capacitor-community/apple-sign-in"
  CapacitorCommunityNativeAudio:
    :path: "../../node_modules/@capacitor-community/native-audio"
  CapacitorCordova:
    :path: "../../node_modules/@capacitor/ios"
  CapacitorKeyboard:
    :path: "../../node_modules/@capacitor/keyboard"
  CapacitorSplashScreen:
    :path: "../../node_modules/@capacitor/splash-screen"
  CapacitorStatusBar:
    :path: "../../node_modules/@capacitor/status-bar"
  CodetrixStudioCapacitorGoogleAuth:
    :path: "../../node_modules/@codetrix-studio/capacitor-google-auth"

SPEC CHECKSUMS:
  AppAuth: d4f13a8fe0baf391b2108511793e4b479691fb73
  Capacitor: 747aadb4fa786f460d8cd9d0557cb81440a13747
  CapacitorCommunityAppleSignIn: eafdd59b18b38161fa5cceee7b0e31312b122958
  CapacitorCommunityNativeAudio: 1a4d5490acb59f155602c0b6bcf1b42ee4efe91b
  CapacitorCordova: 31ab98dca2ddcee051027a1afe7e8c85c82f7297
  CapacitorKeyboard: f2e78b60a5cb981b4ea9e511e80693ca355169bb
  CapacitorSplashScreen: 7a69e693bc1ef83e4bd3fb073bd8c8fa33e9059e
  CapacitorStatusBar: 51af549cfcf35aac3ab072b062967ae5971ee485
  CodetrixStudioCapacitorGoogleAuth: fcce058390347c1ce5d8ac4764bdf1f5c1ee233b
  GoogleSignIn: 5651ce3a61e56ca864160e79b484cd9ed3f49b7a
  GTMAppAuth: 0ff230db599948a9ad7470ca667337803b3fc4dd
  GTMSessionFetcher: 3a63d75eecd6aa32c2fc79f578064e1214dfdec2

PODFILE CHECKSUM: 0efb042f7f5ba194aafe5f6c17dd68ec66e6f090

COCOAPODS: 1.16.2
